
Microsoft Visual Studio Solution File, Format Version 12.00
# Visual Studio Version 17
VisualStudioVersion = 17.5.002.0
MinimumVisualStudioVersion = 10.0.40219.1
Project("{9A19103F-16F7-4668-BE54-9A1E7A4F7556}") = "Troco", "Troco.csproj", "{466FCAF4-2B48-4A9D-A5FF-0E8AE2D13422}"
EndProject
Global
	GlobalSection(SolutionConfigurationPlatforms) = preSolution
		Debug|Any CPU = Debug|Any CPU
		Release|Any CPU = Release|Any CPU
	EndGlobalSection
	GlobalSection(ProjectConfigurationPlatforms) = postSolution
		{466FCAF4-2B48-4A9D-A5FF-0E8AE2D13422}.Debug|Any CPU.ActiveCfg = Debug|Any CPU
		{466FCAF4-2B48-4A9D-A5FF-0E8AE2D13422}.Debug|Any CPU.Build.0 = Debug|Any CPU
		{466FCAF4-2B48-4A9D-A5FF-0E8AE2D13422}.Release|Any CPU.ActiveCfg = Release|Any CPU
		{466FCAF4-2B48-4A9D-A5FF-0E8AE2D13422}.Release|Any CPU.Build.0 = Release|Any CPU
	EndGlobalSection
	GlobalSection(SolutionProperties) = preSolution
		HideSolutionNode = FALSE
	EndGlobalSection
	GlobalSection(ExtensibilityGlobals) = postSolution
		SolutionGuid = {DE63701A-6492-46E9-B6C2-6388EDAACA1C}
	EndGlobalSection
EndGlobal
